lockfileVersion: '9.0'

settings:
  autoInstallPeers: true
  excludeLinksFromLockfile: false

importers:

  .: {}

  packages/quickjs-types:
    dependencies:
      prettier:
        specifier: 3.3.2
        version: 3.3.2

  packages/sdk-backend:
    dependencies:
      '@caido/quickjs-types':
        specifier: 0.4.0
        version: 0.4.0
      '@caido/sdk-shared':
        specifier: 0.1.0
        version: 0.1.0

  packages/sdk-shared: {}

  packages/sdk-workflow:
    dependencies:
      '@caido/quickjs-types':
        specifier: 0.4.0
        version: 0.4.0

packages:

  '@caido/quickjs-types@0.4.0':
    resolution: {integrity: sha512-E+1QNCEiIdK6tkqhVhBLcOXdZ2qpEGpwvNPxdUFo2ucK5KWhfTsOH+iDV6WInSQXg/if1IPykuKAUYL4Q4JULQ==}

  '@caido/sdk-shared@0.1.0':
    resolution: {integrity: sha512-blffEE1ha74X/FKRC31HEh94b7gZ8riZqLDbD1Hpp7ihdlvaiQgap8i2Z6BppAaycks83+rUXTLLR6DxXNvdiQ==}

  prettier@3.3.2:
    resolution: {integrity: sha512-rAVeHYMcv8ATV5d508CFdn+8/pHPpXeIid1DdrPwXnaAdH7cqjVbpJaT5eq4yRAFU/lsbwYwSF/n5iNrdJHPQA==}
    engines: {node: '>=14'}
    hasBin: true

snapshots:

  '@caido/quickjs-types@0.4.0':
    dependencies:
      prettier: 3.3.2

  '@caido/sdk-shared@0.1.0': {}

  prettier@3.3.2: {}
