lockfileVersion: '9.0'

settings:
  autoInstallPeers: true
  excludeLinksFromLockfile: false

importers:

  .:
    devDependencies:
      typedoc:
        specifier: 0.27.6
        version: 0.27.6(typescript@5.6.2)
      typedoc-plugin-markdown:
        specifier: 4.4.1
        version: 4.4.1(typedoc@0.27.6(typescript@5.6.2))
      typedoc-plugin-missing-exports:
        specifier: 3.1.0
        version: 3.1.0(typedoc@0.27.6(typescript@5.6.2))
      typescript:
        specifier: 5.6.2
        version: 5.6.2

  packages/quickjs-types: {}

  packages/sdk-backend:
    dependencies:
      '@caido/quickjs-types':
        specifier: ^0.24.0
        version: 0.24.0
      '@caido/sdk-shared':
        specifier: ^0.1.0
        version: 0.1.1

  packages/sdk-frontend:
    dependencies:
      '@ai-sdk/provider':
        specifier: ^2.0.0
        version: 2.0.0
      '@codemirror/state':
        specifier: ^6.0.0
        version: 6.4.1
      '@codemirror/view':
        specifier: ^6.0.0
        version: 6.33.0
      vue:
        specifier: ^3.0.0
        version: 3.5.16(typescript@5.6.2)

  packages/sdk-shared: {}

  packages/sdk-workflow:
    dependencies:
      '@caido/quickjs-types':
        specifier: ^0.24.0
        version: 0.24.0

packages:

  '@ai-sdk/provider@2.0.0':
    resolution: {integrity: sha512-6o7Y2SeO9vFKB8lArHXehNuusnpddKPk7xqL7T2/b+OvXMRIXUO1rR4wcv1hAFUAT9avGZshty3Wlua/XA7TvA==}
    engines: {node: '>=18'}

  '@babel/helper-string-parser@7.27.1':
    resolution: {integrity: sha512-qMlSxKbpRlAridDExk92nSobyDdpPijUq2DW6oDnUqd0iOGxmQjyqhMIihI9+zv4LPyZdRje2cavWPbCbWm3eA==}
    engines: {node: '>=6.9.0'}

  '@babel/helper-validator-identifier@7.27.1':
    resolution: {integrity: sha512-D2hP9eA+Sqx1kBZgzxZh0y1trbuU+JoDkiEwqhQ36nodYqJwyEIhPSdMNd7lOm/4io72luTPWH20Yda0xOuUow==}
    engines: {node: '>=6.9.0'}

  '@babel/parser@7.27.5':
    resolution: {integrity: sha512-OsQd175SxWkGlzbny8J3K8TnnDD0N3lrIUtB92xwyRpzaenGZhxDvxN/JgU00U3CDZNj9tPuDJ5H0WS4Nt3vKg==}
    engines: {node: '>=6.0.0'}
    hasBin: true

  '@babel/types@7.27.6':
    resolution: {integrity: sha512-ETyHEk2VHHvl9b9jZP5IHPavHYk57EhanlRRuae9XCpb/j5bDCbPPMOBfCWhnl/7EDJz0jEMCi/RhccCE8r1+Q==}
    engines: {node: '>=6.9.0'}

  '@caido/quickjs-types@0.24.0':
    resolution: {integrity: sha512-BKkvkVbaZtm9b3qp2R0T4gp0dExstuExIlRaKQSnC5RgATsR+mEQUU0TK8oFjJwCCQsdVoSkQGnDnK8XeaCfHA==}

  '@caido/sdk-shared@0.1.1':
    resolution: {integrity: sha512-JAV5ajUqxZdXYPTmDEvIKBZon8I5uHq44ATj0Nj3BVpllRDUGY9kcBd+PXMD50+3lv1CvhR3/f6q24T0+4aVJQ==}

  '@codemirror/state@6.4.1':
    resolution: {integrity: sha512-QkEyUiLhsJoZkbumGZlswmAhA7CBU02Wrz7zvH4SrcifbsqwlXShVXg65f3v/ts57W3dqyamEriMhij1Z3Zz4A==}

  '@codemirror/view@6.33.0':
    resolution: {integrity: sha512-AroaR3BvnjRW8fiZBalAaK+ZzB5usGgI014YKElYZvQdNH5ZIidHlO+cyf/2rWzyBFRkvG6VhiXeAEbC53P2YQ==}

  '@gerrit0/mini-shiki@1.26.1':
    resolution: {integrity: sha512-gHFUvv9f1fU2Piou/5Y7Sx5moYxcERbC7CXc6rkDLQTUBg5Dgg9L4u29/nHqfoQ3Y9R0h0BcOhd14uOEZIBP7Q==}

  '@jridgewell/sourcemap-codec@1.5.0':
    resolution: {integrity: sha512-gv3ZRaISU3fjPAgNsriBRqGWQL6quFx04YMPW/zD8XMLsU32mhCCbfbO6KZFLjvYpCZ8zyDEgqsgf+PwPaM7GQ==}

  '@shikijs/engine-oniguruma@1.26.1':
    resolution: {integrity: sha512-F5XuxN1HljLuvfXv7d+mlTkV7XukC1cawdtOo+7pKgPD83CAB1Sf8uHqP3PK0u7njFH0ZhoXE1r+0JzEgAQ+kg==}

  '@shikijs/types@1.26.1':
    resolution: {integrity: sha512-d4B00TKKAMaHuFYgRf3L0gwtvqpW4hVdVwKcZYbBfAAQXspgkbWqnFfuFl3MDH6gLbsubOcr+prcnsqah3ny7Q==}

  '@shikijs/vscode-textmate@10.0.1':
    resolution: {integrity: sha512-fTIQwLF+Qhuws31iw7Ncl1R3HUDtGwIipiJ9iU+UsDUwMhegFcQKQHd51nZjb7CArq0MvON8rbgCGQYWHUKAdg==}

  '@types/hast@3.0.4':
    resolution: {integrity: sha512-WPs+bbQw5aCj+x6laNGWLH3wviHtoCv/P3+otBhbOhJgG8qtpdAMlTCxLtsTWA7LH1Oh/bFCHsBn0TPS5m30EQ==}

  '@types/unist@3.0.3':
    resolution: {integrity: sha512-ko/gIFJRv177XgZsZcBwnqJN5x/Gien8qNOn0D5bQU/zAzVf9Zt3BlcUiLqhV9y4ARk0GbT3tnUiPNgnTXzc/Q==}

  '@vue/compiler-core@3.5.16':
    resolution: {integrity: sha512-AOQS2eaQOaaZQoL1u+2rCJIKDruNXVBZSiUD3chnUrsoX5ZTQMaCvXlWNIfxBJuU15r1o7+mpo5223KVtIhAgQ==}

  '@vue/compiler-dom@3.5.16':
    resolution: {integrity: sha512-SSJIhBr/teipXiXjmWOVWLnxjNGo65Oj/8wTEQz0nqwQeP75jWZ0n4sF24Zxoht1cuJoWopwj0J0exYwCJ0dCQ==}

  '@vue/compiler-sfc@3.5.16':
    resolution: {integrity: sha512-rQR6VSFNpiinDy/DVUE0vHoIDUF++6p910cgcZoaAUm3POxgNOOdS/xgoll3rNdKYTYPnnbARDCZOyZ+QSe6Pw==}

  '@vue/compiler-ssr@3.5.16':
    resolution: {integrity: sha512-d2V7kfxbdsjrDSGlJE7my1ZzCXViEcqN6w14DOsDrUCHEA6vbnVCpRFfrc4ryCP/lCKzX2eS1YtnLE/BuC9f/A==}

  '@vue/reactivity@3.5.16':
    resolution: {integrity: sha512-FG5Q5ee/kxhIm1p2bykPpPwqiUBV3kFySsHEQha5BJvjXdZTUfmya7wP7zC39dFuZAcf/PD5S4Lni55vGLMhvA==}

  '@vue/runtime-core@3.5.16':
    resolution: {integrity: sha512-bw5Ykq6+JFHYxrQa7Tjr+VSzw7Dj4ldR/udyBZbq73fCdJmyy5MPIFR9IX/M5Qs+TtTjuyUTCnmK3lWWwpAcFQ==}

  '@vue/runtime-dom@3.5.16':
    resolution: {integrity: sha512-T1qqYJsG2xMGhImRUV9y/RseB9d0eCYZQ4CWca9ztCuiPj/XWNNN+lkNBuzVbia5z4/cgxdL28NoQCvC0Xcfww==}

  '@vue/server-renderer@3.5.16':
    resolution: {integrity: sha512-BrX0qLiv/WugguGsnQUJiYOE0Fe5mZTwi6b7X/ybGB0vfrPH9z0gD/Y6WOR1sGCgX4gc25L1RYS5eYQKDMoNIg==}
    peerDependencies:
      vue: 3.5.16

  '@vue/shared@3.5.16':
    resolution: {integrity: sha512-c/0fWy3Jw6Z8L9FmTyYfkpM5zklnqqa9+a6dz3DvONRKW2NEbh46BP0FHuLFSWi2TnQEtp91Z6zOWNrU6QiyPg==}

  argparse@2.0.1:
    resolution: {integrity: sha512-8+9WqebbFzpX9OR+Wa6O29asIogeRMzcGtAINdpMHHyAg10f05aSFVBbcEqGf/PXw1EjAZ+q2/bEBg3DvurK3Q==}

  balanced-match@1.0.2:
    resolution: {integrity: sha512-3oSeUO0TMV67hN1AmbXsK4yaqU7tjiHlbxRDZOpH0KW9+CeX4bRAaX0Anxt0tx2MrpRpWwQaPwIlISEJhYU5Pw==}

  brace-expansion@2.0.1:
    resolution: {integrity: sha512-XnAIvQ8eM+kC6aULx6wuQiwVsnzsi9d3WxzV3FpWTGA19F621kwdbsAcFKXgKUHZWsy+mY6iL1sHTxWEFCytDA==}

  csstype@3.1.3:
    resolution: {integrity: sha512-M1uQkMl8rQK/szD0LNhtqxIPLpimGm8sOBwU7lLnCpSbTyY3yeU1Vc7l4KT5zT4s/yOxHH5O7tIuuLOCnLADRw==}

  entities@4.5.0:
    resolution: {integrity: sha512-V0hjH4dGPh9Ao5p0MoRY6BVqtwCjhz6vI5LT8AJ55H+4g9/4vbHx1I54fS0XuclLhDHArPQCiMjDxjaL8fPxhw==}
    engines: {node: '>=0.12'}

  estree-walker@2.0.2:
    resolution: {integrity: sha512-Rfkk/Mp/DL7JVje3u18FxFujQlTNR2q6QfMSMB7AvCBx91NGj/ba3kCfza0f6dVDbw7YlRf/nDrn7pQrCCyQ/w==}

  json-schema@0.4.0:
    resolution: {integrity: sha512-es94M3nTIfsEPisRafak+HDLfHXnKBhV3vU5eqPcS3flIWqcxJWgXHXiey3YrpaNsanY5ei1VoYEbOzijuq9BA==}

  linkify-it@5.0.0:
    resolution: {integrity: sha512-5aHCbzQRADcdP+ATqnDuhhJ/MRIqDkZX5pyjFHRRysS8vZ5AbqGEoFIb6pYHPZ+L/OC2Lc+xT8uHVVR5CAK/wQ==}

  lunr@2.3.9:
    resolution: {integrity: sha512-zTU3DaZaF3Rt9rhN3uBMGQD3dD2/vFQqnvZCDv4dl5iOzq2IZQqTxu90r4E5J+nP70J3ilqVCrbho2eWaeW8Ow==}

  magic-string@0.30.17:
    resolution: {integrity: sha512-sNPKHvyjVf7gyjwS4xGTaW/mCnF8wnjtifKBEhxfZ7E/S8tQ0rssrwGNn6q8JH/ohItJfSQp9mBtQYuTlH5QnA==}

  markdown-it@14.1.0:
    resolution: {integrity: sha512-a54IwgWPaeBCAAsv13YgmALOF1elABB08FxO9i+r4VFk5Vl4pKokRPeX8u5TCgSsPi6ec1otfLjdOpVcgbpshg==}
    hasBin: true

  mdurl@2.0.0:
    resolution: {integrity: sha512-Lf+9+2r+Tdp5wXDXC4PcIBjTDtq4UKjCPMQhKIuzpJNW0b96kVqSwW0bT7FhRSfmAiFYgP+SCRvdrDozfh0U5w==}

  minimatch@9.0.5:
    resolution: {integrity: sha512-G6T0ZX48xgozx7587koeX9Ys2NYy6Gmv//P89sEte9V9whIapMNF4idKxnW2QtCcLiTWlb/wfCabAtAFWhhBow==}
    engines: {node: '>=16 || 14 >=14.17'}

  nanoid@3.3.11:
    resolution: {integrity: sha512-N8SpfPUnUp1bK+PMYW8qSWdl9U+wwNWI4QKxOYDy9JAro3WMX7p2OeVRF9v+347pnakNevPmiHhNmZ2HbFA76w==}
    engines: {node: ^10 || ^12 || ^13.7 || ^14 || >=15.0.1}
    hasBin: true

  picocolors@1.1.1:
    resolution: {integrity: sha512-xceH2snhtb5M9liqDsmEw56le376mTZkEX/jEb/RxNFyegNul7eNslCXP9FDj/Lcu0X8KEyMceP2ntpaHrDEVA==}

  postcss@8.5.6:
    resolution: {integrity: sha512-3Ybi1tAuwAP9s0r1UQ2J4n5Y0G05bJkpUIO0/bI9MhwmD70S5aTWbXGBwxHrelT+XM1k6dM0pk+SwNkpTRN7Pg==}
    engines: {node: ^10 || ^12 || >=14}

  punycode.js@2.3.1:
    resolution: {integrity: sha512-uxFIHU0YlHYhDQtV4R9J6a52SLx28BCjT+4ieh7IGbgwVJWO+km431c4yRlREUAsAmt/uMjQUyQHNEPf0M39CA==}
    engines: {node: '>=6'}

  source-map-js@1.2.1:
    resolution: {integrity: sha512-UXWMKhLOwVKb728IUtQPXxfYU+usdybtUrK/8uGE8CQMvrhOpwvzDBwj0QhSL7MQc7vIsISBG8VQ8+IDQxpfQA==}
    engines: {node: '>=0.10.0'}

  style-mod@4.1.2:
    resolution: {integrity: sha512-wnD1HyVqpJUI2+eKZ+eo1UwghftP6yuFheBqqe+bWCotBjC2K1YnteJILRMs3SM4V/0dLEW1SC27MWP5y+mwmw==}

  typedoc-plugin-markdown@4.4.1:
    resolution: {integrity: sha512-fx23nSCvewI9IR8lzIYtzDphETcgTDuxKcmHKGD4lo36oexC+B1k4NaCOY58Snqb4OlE8OXDAGVcQXYYuLRCNw==}
    engines: {node: '>= 18'}
    peerDependencies:
      typedoc: 0.27.x

  typedoc-plugin-missing-exports@3.1.0:
    resolution: {integrity: sha512-Sogbaj+qDa21NjB3SlIw4JXSwmcl/WOjwiPNaVEcPhpNG/MiRTtpwV81cT7h1cbu9StpONFPbddYWR0KV/fTWA==}
    peerDependencies:
      typedoc: 0.26.x || 0.27.x

  typedoc@0.27.6:
    resolution: {integrity: sha512-oBFRoh2Px6jFx366db0lLlihcalq/JzyCVp7Vaq1yphL/tbgx2e+bkpkCgJPunaPvPwoTOXSwasfklWHm7GfAw==}
    engines: {node: '>= 18'}
    hasBin: true
    peerDependencies:
      typescript: 5.0.x || 5.1.x || 5.2.x || 5.3.x || 5.4.x || 5.5.x || 5.6.x || 5.7.x

  typescript@5.6.2:
    resolution: {integrity: sha512-NW8ByodCSNCwZeghjN3o+JX5OFH0Ojg6sadjEKY4huZ52TqbJTJnDo5+Tw98lSy63NZvi4n+ez5m2u5d4PkZyw==}
    engines: {node: '>=14.17'}
    hasBin: true

  uc.micro@2.1.0:
    resolution: {integrity: sha512-ARDJmphmdvUk6Glw7y9DQ2bFkKBHwQHLi2lsaH6PPmz/Ka9sFOBsBluozhDltWmnv9u/cF6Rt87znRTPV+yp/A==}

  vue@3.5.16:
    resolution: {integrity: sha512-rjOV2ecxMd5SiAmof2xzh2WxntRcigkX/He4YFJ6WdRvVUrbt6DxC1Iujh10XLl8xCDRDtGKMeO3D+pRQ1PP9w==}
    peerDependencies:
      typescript: '*'
    peerDependenciesMeta:
      typescript:
        optional: true

  w3c-keyname@2.2.8:
    resolution: {integrity: sha512-dpojBhNsCNN7T82Tm7k26A6G9ML3NkhDsnw9n/eoxSRlVBB4CEtIQ/KTCLI2Fwf3ataSXRhYFkQi3SlnFwPvPQ==}

  yaml@2.7.0:
    resolution: {integrity: sha512-+hSoy/QHluxmC9kCIJyL/uyFmLmc+e5CFR5Wa+bpIhIj85LVb9ZH2nVnqrHoSvKogwODv0ClqZkmiSSaIH5LTA==}
    engines: {node: '>= 14'}
    hasBin: true

snapshots:

  '@ai-sdk/provider@2.0.0':
    dependencies:
      json-schema: 0.4.0

  '@babel/helper-string-parser@7.27.1': {}

  '@babel/helper-validator-identifier@7.27.1': {}

  '@babel/parser@7.27.5':
    dependencies:
      '@babel/types': 7.27.6

  '@babel/types@7.27.6':
    dependencies:
      '@babel/helper-string-parser': 7.27.1
      '@babel/helper-validator-identifier': 7.27.1

  '@caido/quickjs-types@0.24.0': {}

  '@caido/sdk-shared@0.1.1': {}

  '@codemirror/state@6.4.1': {}

  '@codemirror/view@6.33.0':
    dependencies:
      '@codemirror/state': 6.4.1
      style-mod: 4.1.2
      w3c-keyname: 2.2.8

  '@gerrit0/mini-shiki@1.26.1':
    dependencies:
      '@shikijs/engine-oniguruma': 1.26.1
      '@shikijs/types': 1.26.1
      '@shikijs/vscode-textmate': 10.0.1

  '@jridgewell/sourcemap-codec@1.5.0': {}

  '@shikijs/engine-oniguruma@1.26.1':
    dependencies:
      '@shikijs/types': 1.26.1
      '@shikijs/vscode-textmate': 10.0.1

  '@shikijs/types@1.26.1':
    dependencies:
      '@shikijs/vscode-textmate': 10.0.1
      '@types/hast': 3.0.4

  '@shikijs/vscode-textmate@10.0.1': {}

  '@types/hast@3.0.4':
    dependencies:
      '@types/unist': 3.0.3

  '@types/unist@3.0.3': {}

  '@vue/compiler-core@3.5.16':
    dependencies:
      '@babel/parser': 7.27.5
      '@vue/shared': 3.5.16
      entities: 4.5.0
      estree-walker: 2.0.2
      source-map-js: 1.2.1

  '@vue/compiler-dom@3.5.16':
    dependencies:
      '@vue/compiler-core': 3.5.16
      '@vue/shared': 3.5.16

  '@vue/compiler-sfc@3.5.16':
    dependencies:
      '@babel/parser': 7.27.5
      '@vue/compiler-core': 3.5.16
      '@vue/compiler-dom': 3.5.16
      '@vue/compiler-ssr': 3.5.16
      '@vue/shared': 3.5.16
      estree-walker: 2.0.2
      magic-string: 0.30.17
      postcss: 8.5.6
      source-map-js: 1.2.1

  '@vue/compiler-ssr@3.5.16':
    dependencies:
      '@vue/compiler-dom': 3.5.16
      '@vue/shared': 3.5.16

  '@vue/reactivity@3.5.16':
    dependencies:
      '@vue/shared': 3.5.16

  '@vue/runtime-core@3.5.16':
    dependencies:
      '@vue/reactivity': 3.5.16
      '@vue/shared': 3.5.16

  '@vue/runtime-dom@3.5.16':
    dependencies:
      '@vue/reactivity': 3.5.16
      '@vue/runtime-core': 3.5.16
      '@vue/shared': 3.5.16
      csstype: 3.1.3

  '@vue/server-renderer@3.5.16(vue@3.5.16(typescript@5.6.2))':
    dependencies:
      '@vue/compiler-ssr': 3.5.16
      '@vue/shared': 3.5.16
      vue: 3.5.16(typescript@5.6.2)

  '@vue/shared@3.5.16': {}

  argparse@2.0.1: {}

  balanced-match@1.0.2: {}

  brace-expansion@2.0.1:
    dependencies:
      balanced-match: 1.0.2

  csstype@3.1.3: {}

  entities@4.5.0: {}

  estree-walker@2.0.2: {}

  json-schema@0.4.0: {}

  linkify-it@5.0.0:
    dependencies:
      uc.micro: 2.1.0

  lunr@2.3.9: {}

  magic-string@0.30.17:
    dependencies:
      '@jridgewell/sourcemap-codec': 1.5.0

  markdown-it@14.1.0:
    dependencies:
      argparse: 2.0.1
      entities: 4.5.0
      linkify-it: 5.0.0
      mdurl: 2.0.0
      punycode.js: 2.3.1
      uc.micro: 2.1.0

  mdurl@2.0.0: {}

  minimatch@9.0.5:
    dependencies:
      brace-expansion: 2.0.1

  nanoid@3.3.11: {}

  picocolors@1.1.1: {}

  postcss@8.5.6:
    dependencies:
      nanoid: 3.3.11
      picocolors: 1.1.1
      source-map-js: 1.2.1

  punycode.js@2.3.1: {}

  source-map-js@1.2.1: {}

  style-mod@4.1.2: {}

  typedoc-plugin-markdown@4.4.1(typedoc@0.27.6(typescript@5.6.2)):
    dependencies:
      typedoc: 0.27.6(typescript@5.6.2)

  typedoc-plugin-missing-exports@3.1.0(typedoc@0.27.6(typescript@5.6.2)):
    dependencies:
      typedoc: 0.27.6(typescript@5.6.2)

  typedoc@0.27.6(typescript@5.6.2):
    dependencies:
      '@gerrit0/mini-shiki': 1.26.1
      lunr: 2.3.9
      markdown-it: 14.1.0
      minimatch: 9.0.5
      typescript: 5.6.2
      yaml: 2.7.0

  typescript@5.6.2: {}

  uc.micro@2.1.0: {}

  vue@3.5.16(typescript@5.6.2):
    dependencies:
      '@vue/compiler-dom': 3.5.16
      '@vue/compiler-sfc': 3.5.16
      '@vue/runtime-dom': 3.5.16
      '@vue/server-renderer': 3.5.16(vue@3.5.16(typescript@5.6.2))
      '@vue/shared': 3.5.16
    optionalDependencies:
      typescript: 5.6.2

  w3c-keyname@2.2.8: {}

  yaml@2.7.0: {}
